// !$*UTF8*$!
{
	archiveVersion = 1;
	classes = {
	};
	objectVersion = 56;
	objects = {

/* Begin PBXBuildFile section */
		604D4C9329D2E32200A53117 /* TextBubble.swift in Sources */ = {isa = PBXBuildFile; fileRef = 604D4C9229D2E32200A53117 /* TextBubble.swift */; };
		60F3779D29D1E82B0092617C /* AiPlayGroundApp.swift in Sources */ = {isa = PBXBuildFile; fileRef = 60F3779C29D1E82B0092617C /* AiPlayGroundApp.swift */; };
		60F3779F29D1E82B0092617C /* ContentView.swift in Sources */ = {isa = PBXBuildFile; fileRef = 60F3779E29D1E82B0092617C /* ContentView.swift */; };
		60F377A129D1E82C0092617C /* Assets.xcassets in Resources */ = {isa = PBXBuildFile; fileRef = 60F377A029D1E82C0092617C /* Assets.xcassets */; };
		60F377A429D1E82C0092617C /* Preview Assets.xcassets in Resources */ = {isa = PBXBuildFile; fileRef = 60F377A329D1E82C0092617C /* Preview Assets.xcassets */; };
		60F377AF29D1E8B70092617C /* ChatView.swift in Sources */ = {isa = PBXBuildFile; fileRef = 60F377AE29D1E8B70092617C /* ChatView.swift */; };
		60F377B129D1E8CA0092617C /* ChatMessage.swift in Sources */ = {isa = PBXBuildFile; fileRef = 60F377B029D1E8CA0092617C /* ChatMessage.swift */; };
		60F377B329D1E90E0092617C /* MessageSender.swift in Sources */ = {isa = PBXBuildFile; fileRef = 60F377B229D1E90E0092617C /* MessageSender.swift */; };
		60F377B529D1ED650092617C /* Constants.swift in Sources */ = {isa = PBXBuildFile; fileRef = 60F377B429D1ED650092617C /* Constants.swift */; };
		60F377B729D1EDA90092617C /* ChatService.swift in Sources */ = {isa = PBXBuildFile; fileRef = 60F377B629D1EDA90092617C /* ChatService.swift */; };
/* End PBXBuildFile section */

/* Begin PBXFileReference section */
		604D4C9229D2E32200A53117 /* TextBubble.swift */ = {isa = PBXFileReference; lastKnownFileType = sourcecode.swift; path = TextBubble.swift; sourceTree = "<group>"; };
		60F3779929D1E82B0092617C /* AiPlayGround.app */ = {isa = PBXFileReference; explicitFileType = wrapper.application; includeInIndex = 0; path = AiPlayGround.app; sourceTree = BUILT_PRODUCTS_DIR; };
		60F3779C29D1E82B0092617C /* AiPlayGroundApp.swift */ = {isa = PBXFileReference; lastKnownFileType = sourcecode.swift; path = AiPlayGroundApp.swift; sourceTree = "<group>"; };
		60F3779E29D1E82B0092617C /* ContentView.swift */ = {isa = PBXFileReference; lastKnownFileType = sourcecode.swift; path = ContentView.swift; sourceTree = "<group>"; };
		60F377A029D1E82C0092617C /* Assets.xcassets */ = {isa = PBXFileReference; lastKnownFileType = folder.assetcatalog; path = Assets.xcassets; sourceTree = "<group>"; };
		60F377A329D1E82C0092617C /* Preview Assets.xcassets */ = {isa = PBXFileReference; lastKnownFileType = folder.assetcatalog; path = "Preview Assets.xcassets"; sourceTree = "<group>"; };
		60F377AE29D1E8B70092617C /* ChatView.swift */ = {isa = PBXFileReference; lastKnownFileType = sourcecode.swift; path = ChatView.swift; sourceTree = "<group>"; };
		60F377B029D1E8CA0092617C /* ChatMessage.swift */ = {isa = PBXFileReference; lastKnownFileType = sourcecode.swift; path = ChatMessage.swift; sourceTree = "<group>"; };
		60F377B229D1E90E0092617C /* MessageSender.swift */ = {isa = PBXFileReference; lastKnownFileType = sourcecode.swift; path = MessageSender.swift; sourceTree = "<group>"; };
		60F377B429D1ED650092617C /* Constants.swift */ = {isa = PBXFileReference; lastKnownFileType = sourcecode.swift; path = Constants.swift; sourceTree = "<group>"; };
		60F377B629D1EDA90092617C /* ChatService.swift */ = {isa = PBXFileReference; lastKnownFileType = sourcecode.swift; path = ChatService.swift; sourceTree = "<group>"; };
/* End PBXFileReference section */

/* Begin PBXFrameworksBuildPhase section */
		60F3779629D1E82B0092617C /* Frameworks */ = {
			isa = PBXFrameworksBuildPhase;
			buildActionMask = 2147483647;
			files = (
			);
			runOnlyForDeploymentPostprocessing = 0;
		};
/* End PBXFrameworksBuildPhase section */

/* Begin PBXGroup section */
		60F3779029D1E82B0092617C = {
			isa = PBXGroup;
			children = (
				60F3779B29D1E82B0092617C /* AiPlayGround */,
				60F3779A29D1E82B0092617C /* Products */,
			);
			sourceTree = "<group>";
		};
		60F3779A29D1E82B0092617C /* Products */ = {
			isa = PBXGroup;
			children = (
				60F3779929D1E82B0092617C /* AiPlayGround.app */,
			);
			name = Products;
			sourceTree = "<group>";
		};
		60F3779B29D1E82B0092617C /* AiPlayGround */ = {
			isa = PBXGroup;
			children = (
				60F377AD29D1E8760092617C /* App */,
				60F377A029D1E82C0092617C /* Assets.xcassets */,
				60F377A229D1E82C0092617C /* Preview Content */,
			);
			path = AiPlayGround;
			sourceTree = "<group>";
		};
		60F377A229D1E82C0092617C /* Preview Content */ = {
			isa = PBXGroup;
			children = (
				60F377A329D1E82C0092617C /* Preview Assets.xcassets */,
			);
			path = "Preview Content";
			sourceTree = "<group>";
		};
		60F377AA29D1E8560092617C /* Models */ = {
			isa = PBXGroup;
			children = (
				60F377B029D1E8CA0092617C /* ChatMessage.swift */,
				60F377B229D1E90E0092617C /* MessageSender.swift */,
			);
			path = Models;
			sourceTree = "<group>";
		};
		60F377AB29D1E85E0092617C /* Views */ = {
			isa = PBXGroup;
			children = (
				60F3779E29D1E82B0092617C /* ContentView.swift */,
				60F377AE29D1E8B70092617C /* ChatView.swift */,
				604D4C9229D2E32200A53117 /* TextBubble.swift */,
			);
			path = Views;
			sourceTree = "<group>";
		};
		60F377AC29D1E8640092617C /* ViewModels */ = {
			isa = PBXGroup;
			children = (
				60F377B629D1EDA90092617C /* ChatService.swift */,
			);
			path = ViewModels;
			sourceTree = "<group>";
		};
		60F377AD29D1E8760092617C /* App */ = {
			isa = PBXGroup;
			children = (
				60F3779C29D1E82B0092617C /* AiPlayGroundApp.swift */,
				60F377AA29D1E8560092617C /* Models */,
				60F377AB29D1E85E0092617C /* Views */,
				60F377AC29D1E8640092617C /* ViewModels */,
				60F377B429D1ED650092617C /* Constants.swift */,
			);
			path = App;
			sourceTree = "<group>";
		};
/* End PBXGroup section */

/* Begin PBXNativeTarget section */
		60F3779829D1E82B0092617C /* AiPlayGround */ = {
			isa = PBXNativeTarget;
			buildConfigurationList = 60F377A729D1E82C0092617C /* Build configuration list for PBXNativeTarget "AiPlayGround" */;
			buildPhases = (
				60F3779529D1E82B0092617C /* Sources */,
				60F3779629D1E82B0092617C /* Frameworks */,
				60F3779729D1E82B0092617C /* Resources */,
			);
			buildRules = (
			);
			dependencies = (
			);
			name = AiPlayGround;
			productName = AiPlayGround;
			productReference = 60F3779929D1E82B0092617C /* AiPlayGround.app */;
			productType = "com.apple.product-type.application";
		};
/* End PBXNativeTarget section */

/* Begin PBXProject section */
		60F3779129D1E82B0092617C /* Project object */ = {
			isa = PBXProject;
			attributes = {
				BuildIndependentTargetsInParallel = 1;
				LastSwiftUpdateCheck = 1420;
				LastUpgradeCheck = 1420;
				TargetAttributes = {
					60F3779829D1E82B0092617C = {
						CreatedOnToolsVersion = 14.2;
					};
				};
			};
			buildConfigurationList = 60F3779429D1E82B0092617C /* Build configuration list for PBXProject "AiPlayGround" */;
			compatibilityVersion = "Xcode 14.0";
			developmentRegion = en;
			hasScannedForEncodings = 0;
			knownRegions = (
				en,
				Base,
			);
			mainGroup = 60F3779029D1E82B0092617C;
			productRefGroup = 60F3779A29D1E82B0092617C /* Products */;
			projectDirPath = "";
			projectRoot = "";
			targets = (
				60F3779829D1E82B0092617C /* AiPlayGround */,
			);
		};
/* End PBXProject section */

/* Begin PBXResourcesBuildPhase section */
		60F3779729D1E82B0092617C /* Resources */ = {
			isa = PBXResourcesBuildPhase;
			buildActionMask = 2147483647;
			files = (
				60F377A429D1E82C0092617C /* Preview Assets.xcassets in Resources */,
				60F377A129D1E82C0092617C /* Assets.xcassets in Resources */,
			);
			runOnlyForDeploymentPostprocessing = 0;
		};
/* End PBXResourcesBuildPhase section */

/* Begin PBXSourcesBuildPhase section */
		60F3779529D1E82B0092617C /* Sources */ = {
			isa = PBXSourcesBuildPhase;
			buildActionMask = 2147483647;
			files = (
				60F3779F29D1E82B0092617C /* ContentView.swift in Sources */,
				60F377B129D1E8CA0092617C /* ChatMessage.swift in Sources */,
				60F377B729D1EDA90092617C /* ChatService.swift in Sources */,
				60F377B329D1E90E0092617C /* MessageSender.swift in Sources */,
				604D4C9329D2E32200A53117 /* TextBubble.swift in Sources */,
				60F377AF29D1E8B70092617C /* ChatView.swift in Sources */,
				60F3779D29D1E82B0092617C /* AiPlayGroundApp.swift in Sources */,
				60F377B529D1ED650092617C /* Constants.swift in Sources */,
			);
			runOnlyForDeploymentPostprocessing = 0;
		};
/* End PBXSourcesBuildPhase section */

/* Begin XCBuildConfiguration section */
		60F377A529D1E82C0092617C /* Debug */ = {
			isa = XCBuildConfiguration;
			buildSettings = {
				ALWAYS_SEARCH_USER_PATHS = NO;
				CLANG_ANALYZER_NONNULL = YES;
				CLANG_ANALYZER_NUMBER_OBJECT_CONVERSION = YES_AGGRESSIVE;
				CLANG_CXX_LANGUAGE_STANDARD = "gnu++20";
				CLANG_ENABLE_MODULES = YES;
				CLANG_ENABLE_OBJC_ARC = YES;
				CLANG_ENABLE_OBJC_WEAK = YES;
				CLANG_WARN_BLOCK_CAPTURE_AUTORELEASING = YES;
				CLANG_WARN_BOOL_CONVERSION = YES;
				CLANG_WARN_COMMA = YES;
				CLANG_WARN_CONSTANT_CONVERSION = YES;
				CLANG_WARN_DEPRECATED_OBJC_IMPLEMENTATIONS = YES;
				CLANG_WARN_DIRECT_OBJC_ISA_USAGE = YES_ERROR;
				CLANG_WARN_DOCUMENTATION_COMMENTS = YES;
				CLANG_WARN_EMPTY_BODY = YES;
				CLANG_WARN_ENUM_CONVERSION = YES;
				CLANG_WARN_INFINITE_RECURSION = YES;
				CLANG_WARN_INT_CONVERSION = YES;
				CLANG_WARN_NON_LITERAL_NULL_CONVERSION = YES;
				CLANG_WARN_OBJC_IMPLICIT_RETAIN_SELF = YES;
				CLANG_WARN_OBJC_LITERAL_CONVERSION = YES;
				CLANG_WARN_OBJC_ROOT_CLASS = YES_ERROR;
				CLANG_WARN_QUOTED_INCLUDE_IN_FRAMEWORK_HEADER = YES;
				CLANG_WARN_RANGE_LOOP_ANALYSIS = YES;
				CLANG_WARN_STRICT_PROTOTYPES = YES;
				CLANG_WARN_SUSPICIOUS_MOVE = YES;
				CLANG_WARN_UNGUARDED_AVAILABILITY = YES_AGGRESSIVE;
				CLANG_WARN_UNREACHABLE_CODE = YES;
				CLANG_WARN__DUPLICATE_METHOD_MATCH = YES;
				COPY_PHASE_STRIP = NO;
				DEBUG_INFORMATION_FORMAT = dwarf;
				ENABLE_STRICT_OBJC_MSGSEND = YES;
				ENABLE_TESTABILITY = YES;
				GCC_C_LANGUAGE_STANDARD = gnu11;
				GCC_DYNAMIC_NO_PIC = NO;
				GCC_NO_COMMON_BLOCKS = YES;
				GCC_OPTIMIZATION_LEVEL = 0;
				GCC_PREPROCESSOR_DEFINITIONS = (
					"DEBUG=1",
					"$(inherited)",
				);
				GCC_WARN_64_TO_32_BIT_CONVERSION = YES;
				GCC_WARN_ABOUT_RETURN_TYPE = YES_ERROR;
				GCC_WARN_UNDECLARED_SELECTOR = YES;
				GCC_WARN_UNINITIALIZED_AUTOS = YES_AGGRESSIVE;
				GCC_WARN_UNUSED_FUNCTION = YES;
				GCC_WARN_UNUSED_VARIABLE = YES;
				IPHONEOS_DEPLOYMENT_TARGET = 16.2;
				MTL_ENABLE_DEBUG_INFO = INCLUDE_SOURCE;
				MTL_FAST_MATH = YES;
				ONLY_ACTIVE_ARCH = YES;
				SDKROOT = iphoneos;
				SWIFT_ACTIVE_COMPILATION_CONDITIONS = DEBUG;
				SWIFT_OPTIMIZATION_LEVEL = "-Onone";
			};
			name = Debug;
		};
		60F377A629D1E82C0092617C /* Release */ = {
			isa = XCBuildConfiguration;
			buildSettings = {
				ALWAYS_SEARCH_USER_PATHS = NO;
				CLANG_ANALYZER_NONNULL = YES;
				CLANG_ANALYZER_NUMBER_OBJECT_CONVERSION = YES_AGGRESSIVE;
				CLANG_CXX_LANGUAGE_STANDARD = "gnu++20";
				CLANG_ENABLE_MODULES = YES;
				CLANG_ENABLE_OBJC_ARC = YES;
				CLANG_ENABLE_OBJC_WEAK = YES;
				CLANG_WARN_BLOCK_CAPTURE_AUTORELEASING = YES;
				CLANG_WARN_BOOL_CONVERSION = YES;
				CLANG_WARN_COMMA = YES;
				CLANG_WARN_CONSTANT_CONVERSION = YES;
				CLANG_WARN_DEPRECATED_OBJC_IMPLEMENTATIONS = YES;
				CLANG_WARN_DIRECT_OBJC_ISA_USAGE = YES_ERROR;
				CLANG_WARN_DOCUMENTATION_COMMENTS = YES;
				CLANG_WARN_EMPTY_BODY = YES;
				CLANG_WARN_ENUM_CONVERSION = YES;
				CLANG_WARN_INFINITE_RECURSION = YES;
				CLANG_WARN_INT_CONVERSION = YES;
				CLANG_WARN_NON_LITERAL_NULL_CONVERSION = YES;
				CLANG_WARN_OBJC_IMPLICIT_RETAIN_SELF = YES;
				CLANG_WARN_OBJC_LITERAL_CONVERSION = YES;
				CLANG_WARN_OBJC_ROOT_CLASS = YES_ERROR;
				CLANG_WARN_QUOTED_INCLUDE_IN_FRAMEWORK_HEADER = YES;
				CLANG_WARN_RANGE_LOOP_ANALYSIS = YES;
				CLANG_WARN_STRICT_PROTOTYPES = YES;
				CLANG_WARN_SUSPICIOUS_MOVE = YES;
				CLANG_WARN_UNGUARDED_AVAILABILITY = YES_AGGRESSIVE;
				CLANG_WARN_UNREACHABLE_CODE = YES;
				CLANG_WARN__DUPLICATE_METHOD_MATCH = YES;
				COPY_PHASE_STRIP = NO;
				DEBUG_INFORMATION_FORMAT = "dwarf-with-dsym";
				ENABLE_NS_ASSERTIONS = NO;
				ENABLE_STRICT_OBJC_MSGSEND = YES;
				GCC_C_LANGUAGE_STANDARD = gnu11;
				GCC_NO_COMMON_BLOCKS = YES;
				GCC_WARN_64_TO_32_BIT_CONVERSION = YES;
				GCC_WARN_ABOUT_RETURN_TYPE = YES_ERROR;
				GCC_WARN_UNDECLARED_SELECTOR = YES;
				GCC_WARN_UNINITIALIZED_AUTOS = YES_AGGRESSIVE;
				GCC_WARN_UNUSED_FUNCTION = YES;
				GCC_WARN_UNUSED_VARIABLE = YES;
				IPHONEOS_DEPLOYMENT_TARGET = 16.2;
				MTL_ENABLE_DEBUG_INFO = NO;
				MTL_FAST_MATH = YES;
				SDKROOT = iphoneos;
				SWIFT_COMPILATION_MODE = wholemodule;
				SWIFT_OPTIMIZATION_LEVEL = "-O";
				VALIDATE_PRODUCT = YES;
			};
			name = Release;
		};
		60F377A829D1E82C0092617C /* Debug */ = {
			isa = XCBuildConfiguration;
			buildSettings = {
				ASSETCATALOG_COMPILER_APPICON_NAME = AppIcon;
				ASSETCATALOG_COMPILER_GLOBAL_ACCENT_COLOR_NAME = AccentColor;
				CODE_SIGN_STYLE = Automatic;
				CURRENT_PROJECT_VERSION = 1;
				DEVELOPMENT_ASSET_PATHS = "\"AiPlayGround/Preview Content\"";
				ENABLE_PREVIEWS = YES;
				GENERATE_INFOPLIST_FILE = YES;
				INFOPLIST_KEY_UIApplicationSceneManifest_Generation = YES;
				INFOPLIST_KEY_UIApplicationSupportsIndirectInputEvents = YES;
				INFOPLIST_KEY_UILaunchScreen_Generation = YES;
				INFOPLIST_KEY_UISupportedInterfaceOrientations_iPad = "UIInterfaceOrientationPortrait UIInterfaceOrientationPortraitUpsideDown UIInterfaceOrientationLandscapeLeft UIInterfaceOrientationLandscapeRight";
				INFOPLIST_KEY_UISupportedInterfaceOrientations_iPhone = "UIInterfaceOrientationPortrait UIInterfaceOrientationLandscapeLeft UIInterfaceOrientationLandscapeRight";
				LD_RUNPATH_SEARCH_PATHS = (
					"$(inherited)",
					"@executable_path/Frameworks",
				);
				MARKETING_VERSION = 1.0;
				PRODUCT_BUNDLE_IDENTIFIER = com.amirhossein.AiPlayGround;
				PRODUCT_NAME = "$(TARGET_NAME)";
				SWIFT_EMIT_LOC_STRINGS = YES;
				SWIFT_VERSION = 5.0;
				TARGETED_DEVICE_FAMILY = "1,2";
			};
			name = Debug;
		};
		60F377A929D1E82C0092617C /* Release */ = {
			isa = XCBuildConfiguration;
			buildSettings = {
				ASSETCATALOG_COMPILER_APPICON_NAME = AppIcon;
				ASSETCATALOG_COMPILER_GLOBAL_ACCENT_COLOR_NAME = AccentColor;
				CODE_SIGN_STYLE = Automatic;
				CURRENT_PROJECT_VERSION = 1;
				DEVELOPMENT_ASSET_PATHS = "\"AiPlayGround/Preview Content\"";
				ENABLE_PREVIEWS = YES;
				GENERATE_INFOPLIST_FILE = YES;
				INFOPLIST_KEY_UIApplicationSceneManifest_Generation = YES;
				INFOPLIST_KEY_UIApplicationSupportsIndirectInputEvents = YES;
				INFOPLIST_KEY_UILaunchScreen_Generation = YES;
				INFOPLIST_KEY_UISupportedInterfaceOrientations_iPad = "UIInterfaceOrientationPortrait UIInterfaceOrientationPortraitUpsideDown UIInterfaceOrientationLandscapeLeft UIInterfaceOrientationLandscapeRight";
				INFOPLIST_KEY_UISupportedInterfaceOrientations_iPhone = "UIInterfaceOrientationPortrait UIInterfaceOrientationLandscapeLeft UIInterfaceOrientationLandscapeRight";
				LD_RUNPATH_SEARCH_PATHS = (
					"$(inherited)",
					"@executable_path/Frameworks",
				);
				MARKETING_VERSION = 1.0;
				PRODUCT_BUNDLE_IDENTIFIER = com.amirhossein.AiPlayGround;
				PRODUCT_NAME = "$(TARGET_NAME)";
				SWIFT_EMIT_LOC_STRINGS = YES;
				SWIFT_VERSION = 5.0;
				TARGETED_DEVICE_FAMILY = "1,2";
			};
			name = Release;
		};
/* End XCBuildConfiguration section */

/* Begin XCConfigurationList section */
		60F3779429D1E82B0092617C /* Build configuration list for PBXProject "AiPlayGround" */ = {
			isa = XCConfigurationList;
			buildConfigurations = (
				60F377A529D1E82C0092617C /* Debug */,
				60F377A629D1E82C0092617C /* Release */,
			);
			defaultConfigurationIsVisible = 0;
			defaultConfigurationName = Release;
		};
		60F377A729D1E82C0092617C /* Build configuration list for PBXNativeTarget "AiPlayGround" */ = {
			isa = XCConfigurationList;
			buildConfigurations = (
				60F377A829D1E82C0092617C /* Debug */,
				60F377A929D1E82C0092617C /* Release */,
			);
			defaultConfigurationIsVisible = 0;
			defaultConfigurationName = Release;
		};
/* End XCConfigurationList section */
	};
	rootObject = 60F3779129D1E82B0092617C /* Project object */;
}
